
Microsoft Visual Studio Solution File, Format Version 12.00
# Visual Studio 15
Project("{FAE04EC0-301F-11D3-BF4B-00C04F79EFBC}") = "Assembly-CSharp", "Assembly-CSharp.csproj", "{9B7B38BC-786C-C75C-E30D-E923AD61D420}"
EndProject
Project("{FAE04EC0-301F-11D3-BF4B-00C04F79EFBC}") = "Unity.RenderPipelines.HighDefinition.Config.Runtime", "Unity.RenderPipelines.HighDefinition.Config.Runtime.csproj", "{5F9A840A-22F8-CE99-0F6C-56BE3CDF663C}"
EndProject
Global
	GlobalSection(SolutionConfigurationPlatforms) = preSolution
		Debug|Any CPU = Debug|Any CPU
		Release|Any CPU = Release|Any CPU
	EndGlobalSection
	GlobalSection(ProjectConfigurationPlatforms) = postSolution
		{9B7B38BC-786C-C75C-E30D-E923AD61D420}.Debug|Any CPU.ActiveCfg = Debug|Any CPU
		{9B7B38BC-786C-C75C-E30D-E923AD61D420}.Debug|Any CPU.Build.0 = Debug|Any CPU
		{9B7B38BC-786C-C75C-E30D-E923AD61D420}.Release|Any CPU.ActiveCfg = Release|Any CPU
		{9B7B38BC-786C-C75C-E30D-E923AD61D420}.Release|Any CPU.Build.0 = Release|Any CPU
		{5F9A840A-22F8-CE99-0F6C-56BE3CDF663C}.Debug|Any CPU.ActiveCfg = Debug|Any CPU
		{5F9A840A-22F8-CE99-0F6C-56BE3CDF663C}.Debug|Any CPU.Build.0 = Debug|Any CPU
		{5F9A840A-22F8-CE99-0F6C-56BE3CDF663C}.Release|Any CPU.ActiveCfg = Release|Any CPU
		{5F9A840A-22F8-CE99-0F6C-56BE3CDF663C}.Release|Any CPU.Build.0 = Release|Any CPU
	EndGlobalSection
	GlobalSection(SolutionProperties) = preSolution
		HideSolutionNode = FALSE
	EndGlobalSection
EndGlobal
